Microsoft Visual Studio Solution File, Format Version 12.00
# Visual Studio Version 17
VisualStudioVersion = 17.5.2.0
MinimumVisualStudioVersion = 10.0.40219.1
Project("{FAE04EC0-301F-11D3-BF4B-00C04F79EFBC}") = "login-audit-service", "login-audit-service\login-audit-service.csproj", "{98C0121D-69BB-CF3E-0BE1-13213A24CB83}"
EndProject
Global
	GlobalSection(SolutionConfigurationPlatforms) = preSolution
		Debug|Any CPU = Debug|Any CPU
		Release|Any CPU = Release|Any CPU
	EndGlobalSection
	GlobalSection(ProjectConfigurationPlatforms) = postSolution
		{98C0121D-69BB-CF3E-0BE1-13213A24CB83}.Debug|Any CPU.ActiveCfg = Debug|Any CPU
		{98C0121D-69BB-CF3E-0BE1-13213A24CB83}.Debug|Any CPU.Build.0 = Debug|Any CPU
		{98C0121D-69BB-CF3E-0BE1-13213A24CB83}.Release|Any CPU.ActiveCfg = Release|Any CPU
		{98C0121D-69BB-CF3E-0BE1-13213A24CB83}.Release|Any CPU.Build.0 = Release|Any CPU
	EndGlobalSection
	GlobalSection(SolutionProperties) = preSolution
		HideSolutionNode = FALSE
	EndGlobalSection
	GlobalSection(ExtensibilityGlobals) = postSolution
		SolutionGuid = {92DB19AB-DB20-414E-A568-46C5C300E3F1}
	EndGlobalSection
EndGlobal
